{
  "version": 4,
  "terraform_version": "1.13.2",
  "serial": 97,
  "lineage": "cf8d400d-a117-31da-9dcc-0a274a20d71c",
  "outputs": {
    "ecs_cluster_name": {
      "value": "RideBookingService-cluster",
      "type": "string"
    },
    "ecs_service_name": {
      "value": "RideBookingService",
      "type": "string"
    }
  },
  "resources": [
    {
      "mode": "data",
      "type": "aws_ecr_authorization_token",
      "name": "registry",
      "provider": "provider[\"registry.terraform.io/hashicorp/aws\"]",
      "instances": [
        {
          "schema_version": 0,
          "attributes": {
            "authorization_token": "QVdTOmV5SndZWGxzYjJGa0lqb2libVZhVUhwMWMwbHVVVXBQUjBwdlJVdG5Za3c1UVRCb1VVYzBhRU5yYldsQ1ZuRjRXRE52TVVaaE9IbzRhVzFGT1cxQ2QxaEVjbkJ4Y1V4a1JrbFhNRWh0YzNjNFduSnhjUzhyU1c5RWIwSnBRbEJJWW1vclltSkpaR1pTZHpWV1NEaFZTRUZ3ZG5ScGIwbDBRMjFPV0dSTlkxWnVlWGxVZVc5aVpteFZSVGh4VkRkNlJVWXdUbmRIUlhsaVJGRTVhRnAxYzJWVmFGRndaRFJMWTBSTWFGTlFkVVppU3psTEswZFRVM1pITkhKV1lsTkdkRzlCZFhseU1WQjRTV1J4TlhwV1lqUXpaSGxoWW5kVFZqaHRSVEp1VkRsVVVsQktSa0pzVm5kSWEzUnlPRTUyZFZrd1NFWmliVXBoU0ZwVE9VcFhUV2hOUWtKMWNXRklTRnA1U1VGUGEwOTNZVmwwYmtsWWNtZ3dORGxUTlZKbWIwdERSMkZrUjI1SlNVSjJlaTlzZVhaNlFXTlVRMnM0VjNsNmVteENUWFZYVkhSVVFrbE9jblZPY2toUE5rdzFaRkpKWTJodlZUbHZNWGcxTnpkYWNrVkxiM1V6YVdkT1UyTTVORGRwVVVwYU5sbFFXamRwWkVOcFNTOWxjR1pMVXpoclEyZFpaV2hFY0VWQk1XRlVTV053UWxkWk16VnNSRk5pVEc1RVQzQm9ia2hHZEZoNmVFb3dTSEE1WlhkUmFrZHBaemx6Y2sxUlMyWjZUVk5sWlc5d1prUllTRmh2Ym1oU2IwczNkMWMyZEZnek1XOXZaVTF1VnpWWmVEZzBiVkp4TTNCamVVOVBaRmRKUm01b2FVUktkMWt6V1hOeU5XRlZaR1U1TVRoNlEzWldSMEp0VFhsaWFqSnZhVEJRUzJSWVdHWk9PREpZYzJOaVYwYzJZM0I1V2tOT05sYzNTV0Z3TUVJMlMzRktaVWszT0ROdlRrRjVNek5rVHk5bFdtSm1UM2xoTlRsS01EZ3ZRV2R4TDFWWmVGUlVNa0pFU1RKeGNsSlhZVXRrU1V0amRYaEZRWHBEVVZRMEt5dHlOMkZZTWk4NFowNU9Va05zVW5Od01rVjBla05JTVVzNFIzaFdhVTU2VHpGWlNGQXlOVXRJTkNzMFpHYzJZMUZVTnpsbWRHaE9lSGRaVTNKVGVHeFhTMGt6TUdKRmNqSlhPU3RUWldnMmRXaHpXbkJxUjNCaldWUmpNa1JHWVVScVVrYzRTbUl3YjNsMGRFMTJUVVJLVFhCU1JVbHRiekZFYW5kdGNrcDJRekI0TmpGb1kzQnJRM2gwTjBKdFVrMXVhWGRhWTFacGFrd3JZMU13V0ZBNWIzcGhSSEp1VUZkd2MyWm5NV1YyU0RrcmNWVTJSM1pUWTBkUFdGQm1lVU5aUlRkaldrbGFZbE5DVFd0NFFVcGFXbTFRVlRGblVXdHdabWgwVm1GNGFsaG9hRWRyTDBKd1ZERTVaemxNYXpGWU16SkxUVzUwTDFZclNVVTFUVXR4VW1Oc2JGY3pPVkF6ZVRkME0wSnVTMjVLTURWaWVIbElSV1ZrZUdNck1XVjZkR1JaWkVoWE9GZEZNMFZIU21zMlowbEVhRkZZSzNVeWNtdHFVa0YzTkRWUllsWjRlRk5ZZFZGTldsSmhibFJoWlhKV1VrSjRVbWg2U1hWSGFHRk9VbXRyWTBkMVRtWlBjMlZ2U1dkMWJpOW9XbmMzTW1Gak9XMWtRMk0yVnpCc2FHNVJSM2t4UWpGc1JFazRXVE5yYVdKcmRtaFlRaXM1YldOeGVrVndWVW93YWxkVGJsbDZNV3RQVFdGd0t5dEJNVFpPUzNoNU5YVnpkWFJPZG5Fd1NtUnNjbTVPTHpCSlZWazBibnA0TVZNMmJXTndkM05oYTNOUFZXOW9RbXRIYzAxd1dqWkdNVGcwYUVnMFVIUmpVVkUyZGpaVk4xY3hZV3huUTAxSFlqVkdTbTlqYURSeU5XUlFVRzExVFdkQlpqUXlZa1pNY2k4ekwxVk1NMk13YmpkcWMzRjBUSEJKVW01WlduZFhlbWQxUzA5aVpsbG5ZVFI0ZEVGbGQxUTRVRTFTSzJ3NVVUbDZUbE55ZFhVclJqSnlNVWh4WTFsWlptMTVZMEZCVUdkMVJtSjFaRWRwWW5aMlZGRnNXbU5WWVROR2FXMWpURll2ZEhSWU1rdFdhR2gwTTA0MlYwSTJRVUZ5U2pabWVWVmpOV013Vm00eE0wVm1TVkJyV2k5cGFVZFhTM0EzYzNvaUxDSmtZWFJoYTJWNUlqb2lRVkZGUWtGSWFqWnNZelJZU1VwM0x6ZHNiakJJWXpBd1JFMWxhelpIUlhoSVEySlpORkpKY0ZSTlEwazFPRWx1VlhkQlFVRklOSGRtUVZsS1MyOWFTV2gyWTA1QlVXTkhiMGM0ZDJKUlNVSkJSRUp2UW1kcmNXaHJhVWM1ZHpCQ1FuZEZkMGhuV1VwWlNWcEpRVmRWUkVKQlJYVk5Ra1ZGUkUxeWVsUmljVmcyZDJoWVZtZHJZWGhuU1VKRlNVRTNhamM1SzNWQ2NrOXlheTkzU3l0QmVuQnhWemh3WkdSV2VVSm9XVzF4ZWxkaGNFMHZhVWt6UTBkSE5uQnBlbFZ0WTNONVVrdHZNVWhrVlhCV2JUSlhVazlpVkdsdWJreGpTbGRDYzIxSGN6MGlMQ0oyWlhKemFXOXVJam9pTWlJc0luUjVjR1VpT2lKRVFWUkJYMHRGV1NJc0ltVjRjR2x5WVhScGIyNGlPakUzTmpVME5EYzJNVGQ5",
            "expires_at": "2025-12-11T10:06:57Z",
            "id": "us-west-2",
            "password": "eyJwYXlsb2FkIjoibmVaUHp1c0luUUpPR0pvRUtnYkw5QTBoUUc0aENrbWlCVnF4WDNvMUZhOHo4aW1FOW1Cd1hEcnBxcUxkRklXMEhtc3c4WnJxcS8rSW9Eb0JpQlBIYmorYmJJZGZSdzVWSDhVSEFwdnRpb0l0Q21OWGRNY1ZueXlUeW9iZmxVRThxVDd6RUYwTndHRXliRFE5aFp1c2VVaFFwZDRLY0RMaFNQdUZiSzlLK0dTU3ZHNHJWYlNGdG9BdXlyMVB4SWRxNXpWYjQzZHlhYndTVjhtRTJuVDlUUlBKRkJsVndIa3RyOE52dVkwSEZibUphSFpTOUpXTWhNQkJ1cWFISFp5SUFPa093YVl0bklYcmgwNDlTNVJmb0tDR2FkR25JSUJ2ei9seXZ6QWNUQ2s4V3l6emxCTXVXVHRUQklOcnVOckhPNkw1ZFJJY2hvVTlvMXg1NzdackVLb3UzaWdOU2M5NDdpUUpaNllQWjdpZENpSS9lcGZLUzhrQ2dZZWhEcEVBMWFUSWNwQldZMzVsRFNiTG5ET3BobkhGdFh6eEowSHA5ZXdRakdpZzlzck1RS2Z6TVNlZW9wZkRYSFhvbmhSb0s3d1c2dFgzMW9vZU1uVzVZeDg0bVJxM3BjeU9PZFdJRm5oaURKd1kzWXNyNWFVZGU5MTh6Q3ZWR0JtTXliajJvaTBQS2RYWGZOODJYc2NiV0c2Y3B5WkNONlc3SWFwMEI2S3FKZUk3ODNvTkF5MzNkTy9lWmJmT3lhNTlKMDgvQWdxL1VZeFRUMkJESTJxclJXYUtkSUtjdXhFQXpDUVQ0KytyN2FYMi84Z05OUkNsUnNwMkV0ekNIMUs4R3hWaU56TzFZSFAyNUtINCs0ZGc2Y1FUNzlmdGhOeHdZU3JTeGxXS0kzMGJFcjJXOStTZWg2dWhzWnBqR3BjWVRjMkRGYURqUkc4SmIwb3l0dE12TURKTXBSRUltbzFEandtckp2QzB4NjFoY3BrQ3h0N0JtUk1uaXdaY1ZpakwrY1MwWFA5b3phRHJuUFdwc2ZnMWV2SDkrcVU2R3ZTY0dPWFBmeUNZRTdjWklaYlNCTWt4QUpaWm1QVTFnUWtwZmh0VmF4alhoaEdrL0JwVDE5ZzlMazFYMzJLTW50L1YrSUU1TUtxUmNsbFczOVAzeTd0M0JuS25KMDVieHlIRWVkeGMrMWV6dGRZZEhXOFdFM0VHSms2Z0lEaFFYK3UycmtqUkF3NDVRYlZ4eFNYdVFNWlJhblRhZXJWUkJ4Umh6SXVHaGFOUmtrY0d1TmZPc2VvSWd1bi9oWnc3MmFjOW1kQ2M2VzBsaG5RR3kxQjFsREk4WTNraWJrdmhYQis5bWNxekVwVUowaldTbll6MWtPTWFwKytBMTZOS3h5NXVzdXROdnEwSmRscm5OLzBJVVk0bnp4MVM2bWNwd3Nha3NPVW9oQmtHc01wWjZGMTg0aEg0UHRjUVE2djZVN1cxYWxnQ01HYjVGSm9jaDRyNWRQUG11TWdBZjQyYkZMci8zL1VMM2Mwbjdqc3F0THBJUm5ZWndXemd1S09iZllnYTR4dEFld1Q4UE1SK2w5UTl6TlNydXUrRjJyMUhxY1lZZm15Y0FBUGd1RmJ1ZEdpYnZ2VFFsWmNVYTNGaW1jTFYvdHRYMktWaGh0M042V0I2QUFySjZmeVVjNWMwVm4xM0VmSVBrWi9paUdXS3A3c3oiLCJkYXRha2V5IjoiQVFFQkFIajZsYzRYSUp3LzdsbjBIYzAwRE1lazZHRXhIQ2JZNFJJcFRNQ0k1OEluVXdBQUFINHdmQVlKS29aSWh2Y05BUWNHb0c4d2JRSUJBREJvQmdrcWhraUc5dzBCQndFd0hnWUpZSVpJQVdVREJBRXVNQkVFRE1yelRicVg2d2hYVmdrYXhnSUJFSUE3ajc5K3VCck9yay93SytBenBxVzhwZGRWeUJoWW1xeldhcE0vaUkzQ0dHNnBpelVtY3N5UktvMUhkVXBWbTJXUk9iVGlubkxjSldCc21Hcz0iLCJ2ZXJzaW9uIjoiMiIsInR5cGUiOiJEQVRBX0tFWSIsImV4cGlyYXRpb24iOjE3NjU0NDc2MTd9",
            "proxy_endpoint": "https://339713121434.dkr.ecr.us-west-2.amazonaws.com",
            "region": "us-west-2",
            "registry_id": null,
            "user_name": "AWS"
          },
          "sensitive_attributes": [
            [
              {
                "type": "get_attr",
                "value": "authorization_token"
              }
            ],
            [
              {
                "type": "get_attr",
                "value": "password"
              }
            ]
          ],
          "identity_schema_version": 0
        }
      ]
    },
    {
      "mode": "data",
      "type": "aws_iam_role",
      "name": "lab_role",
      "provider": "provider[\"registry.terraform.io/hashicorp/aws\"]",
      "instances": [
        {
          "schema_version": 0,
          "attributes": {
            "arn": "arn:aws:iam::339713121434:role/LabRole",
            "assume_role_policy": "{\"Version\":\"2012-10-17\",\"Statement\":[{\"Effect\":\"Allow\",\"Principal\":{\"AWS\":\"arn:aws:iam::339713121434:role/LabRole\",\"Service\":[\"cloudtrail.amazonaws.com\",\"logs.amazonaws.com\",\"credentials.iot.amazonaws.com\",\"glue.amazonaws.com\",\"ec2.amazonaws.com\",\"cloud9.amazonaws.com\",\"iotanalytics.amazonaws.com\",\"elasticfilesystem.amazonaws.com\",\"iotevents.amazonaws.com\",\"sns.amazonaws.com\",\"elasticloadbalancing.amazonaws.com\",\"sqs.amazonaws.com\",\"codedeploy.amazonaws.com\",\"application-autoscaling.amazonaws.com\",\"rekognition.amazonaws.com\",\"eks.amazonaws.com\",\"ecs.amazonaws.com\",\"redshift.amazonaws.com\",\"databrew.amazonaws.com\",\"ssm.amazonaws.com\",\"events.amazonaws.com\",\"secretsmanager.amazonaws.com\",\"codecommit.amazonaws.com\",\"kms.amazonaws.com\",\"elasticmapreduce.amazonaws.com\",\"deepracer.amazonaws.com\",\"kinesisanalytics.amazonaws.com\",\"cognito-idp.amazonaws.com\",\"dynamodb.amazonaws.com\",\"s3.amazonaws.com\",\"firehose.amazonaws.com\",\"eks-fargate-pods.amazonaws.com\",\"apigateway.amazonaws.com\",\"scheduler.amazonaws.com\",\"sagemaker.amazonaws.com\",\"autoscaling.amazonaws.com\",\"batch.amazonaws.com\",\"kinesis.amazonaws.com\",\"cloudformation.amazonaws.com\",\"states.amazonaws.com\",\"ec2.application-autoscaling.amazonaws.com\",\"elasticbeanstalk.amazonaws.com\",\"athena.amazonaws.com\",\"lambda.amazonaws.com\",\"ecs-tasks.amazonaws.com\",\"iot.amazonaws.com\",\"backup.amazonaws.com\",\"pipes.amazonaws.com\",\"resource-groups.amazonaws.com\",\"forecast.amazonaws.com\",\"servicecatalog.amazonaws.com\",\"codewhisperer.amazonaws.com\",\"rds.amazonaws.com\"]},\"Action\":\"sts:AssumeRole\"}]}",
            "create_date": "2025-12-10T18:00:51Z",
            "description": "",
            "id": "LabRole",
            "max_session_duration": 3600,
            "name": "LabRole",
            "path": "/",
            "permissions_boundary": "",
            "role_last_used": [
              {
                "last_used_date": "2025-12-10T21:57:14Z",
                "region": "us-west-2"
              }
            ],
            "tags": {
              "cloudlab": "c169671a4380641l11484971t1w339713121434"
            },
            "unique_id": "AROAU6GD23SNBWN6SWEPC"
          },
          "sensitive_attributes": [],
          "identity_schema_version": 0
        }
      ]
    },
    {
      "mode": "managed",
      "type": "docker_image",
      "name": "app",
      "provider": "provider[\"registry.terraform.io/kreuzwerker/docker\"]",
      "instances": [
        {
          "schema_version": 0,
          "attributes": {
            "build": [
              {
                "auth_config": [],
                "build_arg": {},
                "build_args": {},
                "build_id": "",
                "cache_from": [],
                "cgroup_parent": "",
                "context": "../src",
                "cpu_period": 0,
                "cpu_quota": 0,
                "cpu_set_cpus": "",
                "cpu_set_mems": "",
                "cpu_shares": 0,
                "dockerfile": "Dockerfile",
                "extra_hosts": [],
                "force_remove": false,
                "isolation": "",
                "label": {},
                "labels": {},
                "memory": 0,
                "memory_swap": 0,
                "network_mode": "",
                "no_cache": false,
                "path": "",
                "platform": "",
                "pull_parent": false,
                "remote_context": "",
                "remove": true,
                "security_opt": [],
                "session_id": "",
                "shm_size": 0,
                "squash": false,
                "suppress_output": false,
                "tag": [],
                "target": "",
                "ulimit": [],
                "version": ""
              }
            ],
            "force_remove": null,
            "id": "sha256:55d57be96d4dbc81bda1fab238ba39138860ae6714509a041f0708f231007c5e339713121434.dkr.ecr.us-west-2.amazonaws.com/ecr_service:latest",
            "image_id": "sha256:55d57be96d4dbc81bda1fab238ba39138860ae6714509a041f0708f231007c5e",
            "keep_locally": null,
            "latest": "sha256:55d57be96d4dbc81bda1fab238ba39138860ae6714509a041f0708f231007c5e",
            "name": "339713121434.dkr.ecr.us-west-2.amazonaws.com/ecr_service:latest",
            "output": null,
            "platform": null,
            "pull_trigger": null,
            "pull_triggers": null,
            "repo_digest": "339713121434.dkr.ecr.us-west-2.amazonaws.com/ecr_service@sha256:55d57be96d4dbc81bda1fab238ba39138860ae6714509a041f0708f231007c5e",
            "triggers": null
          },
          "sensitive_attributes": [],
          "identity_schema_version": 0,
          "private": "bnVsbA==",
          "dependencies": [
            "data.aws_ecr_authorization_token.registry",
            "module.ecr.aws_ecr_repository.this"
          ]
        }
      ]
    },
    {
      "mode": "managed",
      "type": "docker_registry_image",
      "name": "app",
      "provider": "provider[\"registry.terraform.io/kreuzwerker/docker\"]",
      "instances": [
        {
          "schema_version": 0,
          "attributes": {
            "build": [],
            "id": "sha256:55d57be96d4dbc81bda1fab238ba39138860ae6714509a041f0708f231007c5e",
            "insecure_skip_verify": false,
            "keep_remotely": false,
            "name": "339713121434.dkr.ecr.us-west-2.amazonaws.com/ecr_service:latest",
            "sha256_digest": "sha256:55d57be96d4dbc81bda1fab238ba39138860ae6714509a041f0708f231007c5e",
            "triggers": null
          },
          "sensitive_attributes": [],
          "identity_schema_version": 0,
          "private": "bnVsbA==",
          "dependencies": [
            "data.aws_ecr_authorization_token.registry",
            "docker_image.app",
            "module.ecr.aws_ecr_repository.this"
          ]
        }
      ]
    },
    {
      "module": "module.ecr",
      "mode": "managed",
      "type": "aws_ecr_repository",
      "name": "this",
      "provider": "provider[\"registry.terraform.io/hashicorp/aws\"]",
      "instances": [
        {
          "schema_version": 0,
          "attributes": {
            "arn": "arn:aws:ecr:us-west-2:339713121434:repository/ecr_service",
            "encryption_configuration": [
              {
                "encryption_type": "AES256",
                "kms_key": ""
              }
            ],
            "force_delete": null,
            "id": "ecr_service",
            "image_scanning_configuration": [
              {
                "scan_on_push": false
              }
            ],
            "image_tag_mutability": "MUTABLE",
            "name": "ecr_service",
            "region": "us-west-2",
            "registry_id": "339713121434",
            "repository_url": "339713121434.dkr.ecr.us-west-2.amazonaws.com/ecr_service",
            "tags": {},
            "tags_all": {},
            "timeouts": null
          },
          "sensitive_attributes": [],
          "identity_schema_version": 0,
          "private": "eyJlMmJmYjczMC1lY2FhLTExZTYtOGY4OC0zNDM2M2JjN2M0YzAiOnsiZGVsZXRlIjoxMjAwMDAwMDAwMDAwfX0="
        }
      ]
    },
    {
      "module": "module.ecs",
      "mode": "data",
      "type": "aws_subnets",
      "name": "default",
      "provider": "provider[\"registry.terraform.io/hashicorp/aws\"]",
      "instances": [
        {
          "schema_version": 0,
          "attributes": {
            "filter": [
              {
                "name": "vpc-id",
                "values": [
                  "vpc-052ef7c39a9ea9b0d"
                ]
              }
            ],
            "id": "us-west-2",
            "ids": [
              "subnet-0e6d180dcec4f1c42",
              "subnet-0a4fd0a25017fc56c",
              "subnet-069fd3965da960fde",
              "subnet-0e0753a07527557f8"
            ],
            "region": "us-west-2",
            "tags": null,
            "timeouts": null
          },
          "sensitive_attributes": [],
          "identity_schema_version": 0
        }
      ]
    },
    {
      "module": "module.ecs",
      "mode": "data",
      "type": "aws_vpc",
      "name": "default",
      "provider": "provider[\"registry.terraform.io/hashicorp/aws\"]",
      "instances": [
        {
          "schema_version": 0,
          "attributes": {
            "arn": "arn:aws:ec2:us-west-2:339713121434:vpc/vpc-052ef7c39a9ea9b0d",
            "cidr_block": "172.31.0.0/16",
            "cidr_block_associations": [
              {
                "association_id": "vpc-cidr-assoc-059d2dc6babd8e4f7",
                "cidr_block": "172.31.0.0/16",
                "state": "associated"
              }
            ],
            "default": true,
            "dhcp_options_id": "dopt-0d3cfbb3ddda69d63",
            "enable_dns_hostnames": true,
            "enable_dns_support": true,
            "enable_network_address_usage_metrics": false,
            "filter": null,
            "id": "vpc-052ef7c39a9ea9b0d",
            "instance_tenancy": "default",
            "ipv6_association_id": "",
            "ipv6_cidr_block": "",
            "main_route_table_id": "rtb-0975f980455836090",
            "owner_id": "339713121434",
            "region": "us-west-2",
            "state": null,
            "tags": {},
            "timeouts": null
          },
          "sensitive_attributes": [],
          "identity_schema_version": 0
        }
      ]
    },
    {
      "module": "module.ecs",
      "mode": "managed",
      "type": "aws_appautoscaling_policy",
      "name": "cpu_policy",
      "provider": "provider[\"registry.terraform.io/hashicorp/aws\"]",
      "instances": [
        {
          "schema_version": 0,
          "attributes": {
            "alarm_arns": [
              "arn:aws:cloudwatch:us-west-2:339713121434:alarm:TargetTracking-service/RideBookingService-cluster/RideBookingService-AlarmHigh-df151794-2d92-4b6b-97b2-b77a8d2e47e8",
              "arn:aws:cloudwatch:us-west-2:339713121434:alarm:TargetTracking-service/RideBookingService-cluster/RideBookingService-AlarmLow-bc4488bd-6a5d-432c-bd03-978f310f9c7b"
            ],
            "arn": "arn:aws:autoscaling:us-west-2:339713121434:scalingPolicy:eae104a4-63f8-4e94-9699-b29c2ea71f0a:resource/ecs/service/RideBookingService-cluster/RideBookingService:policyName/RideBookingService-cpu-scaling",
            "id": "RideBookingService-cpu-scaling",
            "name": "RideBookingService-cpu-scaling",
            "policy_type": "TargetTrackingScaling",
            "region": "us-west-2",
            "resource_id": "service/RideBookingService-cluster/RideBookingService",
            "scalable_dimension": "ecs:service:DesiredCount",
            "service_namespace": "ecs",
            "step_scaling_policy_configuration": [],
            "target_tracking_scaling_policy_configuration": [
              {
                "customized_metric_specification": [],
                "disable_scale_in": false,
                "predefined_metric_specification": [
                  {
                    "predefined_metric_type": "ECSServiceAverageCPUUtilization",
                    "resource_label": ""
                  }
                ],
                "scale_in_cooldown": 300,
                "scale_out_cooldown": 300,
                "target_value": 70
              }
            ]
          },
          "sensitive_attributes": [],
          "identity_schema_version": 0,
          "private": "bnVsbA==",
          "dependencies": [
            "data.aws_iam_role.lab_role",
            "module.ecr.aws_ecr_repository.this",
            "module.ecs.aws_appautoscaling_target.ecs_target",
            "module.ecs.aws_ecs_cluster.this",
            "module.ecs.aws_ecs_service.this",
            "module.ecs.aws_ecs_task_definition.this",
            "module.ecs.aws_lb.this",
            "module.ecs.aws_lb_listener.this",
            "module.ecs.aws_lb_target_group.this",
            "module.ecs.data.aws_vpc.default",
            "module.logging.aws_cloudwatch_log_group.this",
            "module.network.aws_security_group.this",
            "module.network.data.aws_subnets.default",
            "module.network.data.aws_vpc.default"
          ]
        }
      ]
    },
    {
      "module": "module.ecs",
      "mode": "managed",
      "type": "aws_appautoscaling_target",
      "name": "ecs_target",
      "provider": "provider[\"registry.terraform.io/hashicorp/aws\"]",
      "instances": [
        {
          "schema_version": 0,
          "attributes": {
            "arn": "arn:aws:application-autoscaling:us-west-2:339713121434:scalable-target/0ec5eae104a463f84e949699b29c2ea71f0a",
            "id": "service/RideBookingService-cluster/RideBookingService",
            "max_capacity": 4,
            "min_capacity": 1,
            "region": "us-west-2",
            "resource_id": "service/RideBookingService-cluster/RideBookingService",
            "role_arn": "arn:aws:iam::339713121434:role/aws-service-role/ecs.application-autoscaling.amazonaws.com/AWSServiceRoleForApplicationAutoScaling_ECSService",
            "scalable_dimension": "ecs:service:DesiredCount",
            "service_namespace": "ecs",
            "suspended_state": [
              {
                "dynamic_scaling_in_suspended": false,
                "dynamic_scaling_out_suspended": false,
                "scheduled_scaling_suspended": false
              }
            ],
            "tags": null,
            "tags_all": {}
          },
          "sensitive_attributes": [],
          "identity_schema_version": 0,
          "private": "bnVsbA==",
          "dependencies": [
            "data.aws_iam_role.lab_role",
            "module.ecr.aws_ecr_repository.this",
            "module.ecs.aws_ecs_cluster.this",
            "module.ecs.aws_ecs_service.this",
            "module.ecs.aws_ecs_task_definition.this",
            "module.ecs.aws_lb.this",
            "module.ecs.aws_lb_listener.this",
            "module.ecs.aws_lb_target_group.this",
            "module.ecs.data.aws_vpc.default",
            "module.logging.aws_cloudwatch_log_group.this",
            "module.network.aws_security_group.this",
            "module.network.data.aws_subnets.default",
            "module.network.data.aws_vpc.default"
          ]
        }
      ]
    },
    {
      "module": "module.ecs",
      "mode": "managed",
      "type": "aws_ecs_cluster",
      "name": "this",
      "provider": "provider[\"registry.terraform.io/hashicorp/aws\"]",
      "instances": [
        {
          "schema_version": 0,
          "attributes": {
            "arn": "arn:aws:ecs:us-west-2:339713121434:cluster/RideBookingService-cluster",
            "configuration": [],
            "id": "arn:aws:ecs:us-west-2:339713121434:cluster/RideBookingService-cluster",
            "name": "RideBookingService-cluster",
            "region": "us-west-2",
            "service_connect_defaults": [],
            "setting": [
              {
                "name": "containerInsights",
                "value": "disabled"
              }
            ],
            "tags": null,
            "tags_all": {}
          },
          "sensitive_attributes": [],
          "identity_schema_version": 0,
          "private": "bnVsbA=="
        }
      ]
    },
    {
      "module": "module.ecs",
      "mode": "managed",
      "type": "aws_ecs_service",
      "name": "this",
      "provider": "provider[\"registry.terraform.io/hashicorp/aws\"]",
      "instances": [
        {
          "schema_version": 1,
          "attributes": {
            "alarms": [],
            "arn": "arn:aws:ecs:us-west-2:339713121434:service/RideBookingService-cluster/RideBookingService",
            "availability_zone_rebalancing": "DISABLED",
            "capacity_provider_strategy": [],
            "cluster": "arn:aws:ecs:us-west-2:339713121434:cluster/RideBookingService-cluster",
            "deployment_circuit_breaker": [
              {
                "enable": false,
                "rollback": false
              }
            ],
            "deployment_configuration": [],
            "deployment_controller": [
              {
                "type": "ECS"
              }
            ],
            "deployment_maximum_percent": 200,
            "deployment_minimum_healthy_percent": 100,
            "desired_count": 10,
            "enable_ecs_managed_tags": false,
            "enable_execute_command": false,
            "force_delete": null,
            "force_new_deployment": null,
            "health_check_grace_period_seconds": 0,
            "iam_role": "/aws-service-role/ecs.amazonaws.com/AWSServiceRoleForECS",
            "id": "arn:aws:ecs:us-west-2:339713121434:service/RideBookingService-cluster/RideBookingService",
            "launch_type": "FARGATE",
            "load_balancer": [
              {
                "advanced_configuration": [],
                "container_name": "RideBookingService-container",
                "container_port": 8080,
                "elb_name": "",
                "target_group_arn": "arn:aws:elasticloadbalancing:us-west-2:339713121434:targetgroup/RideBookingService-tg/18fa03c0fde3b550"
              }
            ],
            "name": "RideBookingService",
            "network_configuration": [
              {
                "assign_public_ip": true,
                "security_groups": [
                  "sg-040b2b73ee79f4ec2"
                ],
                "subnets": [
                  "subnet-069fd3965da960fde",
                  "subnet-0a4fd0a25017fc56c",
                  "subnet-0e0753a07527557f8",
                  "subnet-0e6d180dcec4f1c42"
                ]
              }
            ],
            "ordered_placement_strategy": [],
            "placement_constraints": [],
            "platform_version": "LATEST",
            "propagate_tags": "NONE",
            "region": "us-west-2",
            "scheduling_strategy": "REPLICA",
            "service_connect_configuration": [],
            "service_registries": [],
            "tags": null,
            "tags_all": {},
            "task_definition": "arn:aws:ecs:us-west-2:339713121434:task-definition/RideBookingService-task:1",
            "timeouts": null,
            "triggers": {},
            "volume_configuration": [],
            "vpc_lattice_configurations": [],
            "wait_for_steady_state": false
          },
          "sensitive_attributes": [],
          "identity_schema_version": 0,
          "private": "eyJlMmJmYjczMC1lY2FhLTExZTYtOGY4OC0zNDM2M2JjN2M0YzAiOnsiY3JlYXRlIjoxMjAwMDAwMDAwMDAwLCJkZWxldGUiOjEyMDAwMDAwMDAwMDAsInVwZGF0ZSI6MTIwMDAwMDAwMDAwMH0sInNjaGVtYV92ZXJzaW9uIjoiMSJ9",
          "dependencies": [
            "data.aws_iam_role.lab_role",
            "module.ecr.aws_ecr_repository.this",
            "module.ecs.aws_ecs_cluster.this",
            "module.ecs.aws_ecs_task_definition.this",
            "module.ecs.aws_lb.this",
            "module.ecs.aws_lb_listener.this",
            "module.ecs.aws_lb_target_group.this",
            "module.ecs.data.aws_vpc.default",
            "module.logging.aws_cloudwatch_log_group.this",
            "module.network.aws_security_group.this",
            "module.network.data.aws_subnets.default",
            "module.network.data.aws_vpc.default"
          ]
        }
      ]
    },
    {
      "module": "module.ecs",
      "mode": "managed",
      "type": "aws_ecs_task_definition",
      "name": "this",
      "provider": "provider[\"registry.terraform.io/hashicorp/aws\"]",
      "instances": [
        {
          "schema_version": 1,
          "attributes": {
            "arn": "arn:aws:ecs:us-west-2:339713121434:task-definition/RideBookingService-task:1",
            "arn_without_revision": "arn:aws:ecs:us-west-2:339713121434:task-definition/RideBookingService-task",
            "container_definitions": "[{\"environment\":[],\"essential\":true,\"image\":\"339713121434.dkr.ecr.us-west-2.amazonaws.com/ecr_service:latest\",\"logConfiguration\":{\"logDriver\":\"awslogs\",\"options\":{\"awslogs-group\":\"/ecs/RideBookingService\",\"awslogs-region\":\"us-west-2\",\"awslogs-stream-prefix\":\"ecs\"}},\"mountPoints\":[],\"name\":\"RideBookingService-container\",\"portMappings\":[{\"containerPort\":8080,\"hostPort\":8080,\"protocol\":\"tcp\"}],\"systemControls\":[],\"volumesFrom\":[]}]",
            "cpu": "256",
            "enable_fault_injection": false,
            "ephemeral_storage": [],
            "execution_role_arn": "arn:aws:iam::339713121434:role/LabRole",
            "family": "RideBookingService-task",
            "id": "RideBookingService-task",
            "ipc_mode": "",
            "memory": "512",
            "network_mode": "awsvpc",
            "pid_mode": "",
            "placement_constraints": [],
            "proxy_configuration": [],
            "region": "us-west-2",
            "requires_compatibilities": [
              "FARGATE"
            ],
            "revision": 1,
            "runtime_platform": [],
            "skip_destroy": false,
            "tags": null,
            "tags_all": {},
            "task_role_arn": "arn:aws:iam::339713121434:role/LabRole",
            "track_latest": false,
            "volume": []
          },
          "sensitive_attributes": [],
          "identity_schema_version": 0,
          "private": "eyJzY2hlbWFfdmVyc2lvbiI6IjEifQ==",
          "dependencies": [
            "data.aws_iam_role.lab_role",
            "module.ecr.aws_ecr_repository.this",
            "module.logging.aws_cloudwatch_log_group.this"
          ]
        }
      ]
    },
    {
      "module": "module.ecs",
      "mode": "managed",
      "type": "aws_lb",
      "name": "this",
      "provider": "provider[\"registry.terraform.io/hashicorp/aws\"]",
      "instances": [
        {
          "schema_version": 0,
          "attributes": {
            "access_logs": [
              {
                "bucket": "",
                "enabled": false,
                "prefix": ""
              }
            ],
            "arn": "arn:aws:elasticloadbalancing:us-west-2:339713121434:loadbalancer/app/RideBookingService-alb/b4d48ef930564b7a",
            "arn_suffix": "app/RideBookingService-alb/b4d48ef930564b7a",
            "client_keep_alive": 3600,
            "connection_logs": [
              {
                "bucket": "",
                "enabled": false,
                "prefix": ""
              }
            ],
            "customer_owned_ipv4_pool": "",
            "desync_mitigation_mode": "defensive",
            "dns_name": "RideBookingService-alb-849794234.us-west-2.elb.amazonaws.com",
            "dns_record_client_routing_policy": null,
            "drop_invalid_header_fields": false,
            "enable_cross_zone_load_balancing": true,
            "enable_deletion_protection": false,
            "enable_http2": true,
            "enable_tls_version_and_cipher_suite_headers": false,
            "enable_waf_fail_open": false,
            "enable_xff_client_port": false,
            "enable_zonal_shift": false,
            "enforce_security_group_inbound_rules_on_private_link_traffic": "",
            "id": "arn:aws:elasticloadbalancing:us-west-2:339713121434:loadbalancer/app/RideBookingService-alb/b4d48ef930564b7a",
            "idle_timeout": 60,
            "internal": false,
            "ip_address_type": "ipv4",
            "ipam_pools": [],
            "load_balancer_type": "application",
            "minimum_load_balancer_capacity": [],
            "name": "RideBookingService-alb",
            "name_prefix": "",
            "preserve_host_header": false,
            "region": "us-west-2",
            "security_groups": [
              "sg-040b2b73ee79f4ec2"
            ],
            "subnet_mapping": [
              {
                "allocation_id": "",
                "ipv6_address": "",
                "outpost_id": "",
                "private_ipv4_address": "",
                "subnet_id": "subnet-069fd3965da960fde"
              },
              {
                "allocation_id": "",
                "ipv6_address": "",
                "outpost_id": "",
                "private_ipv4_address": "",
                "subnet_id": "subnet-0a4fd0a25017fc56c"
              },
              {
                "allocation_id": "",
                "ipv6_address": "",
                "outpost_id": "",
                "private_ipv4_address": "",
                "subnet_id": "subnet-0e0753a07527557f8"
              },
              {
                "allocation_id": "",
                "ipv6_address": "",
                "outpost_id": "",
                "private_ipv4_address": "",
                "subnet_id": "subnet-0e6d180dcec4f1c42"
              }
            ],
            "subnets": [
              "subnet-069fd3965da960fde",
              "subnet-0a4fd0a25017fc56c",
              "subnet-0e0753a07527557f8",
              "subnet-0e6d180dcec4f1c42"
            ],
            "tags": null,
            "tags_all": {},
            "timeouts": null,
            "vpc_id": "vpc-052ef7c39a9ea9b0d",
            "xff_header_processing_mode": "append",
            "zone_id": "Z1H1FL5HABSF5"
          },
          "sensitive_attributes": [],
          "identity_schema_version": 0,
          "identity": {
            "arn": "arn:aws:elasticloadbalancing:us-west-2:339713121434:loadbalancer/app/RideBookingService-alb/b4d48ef930564b7a"
          },
          "private": "eyJlMmJmYjczMC1lY2FhLTExZTYtOGY4OC0zNDM2M2JjN2M0YzAiOnsiY3JlYXRlIjo2MDAwMDAwMDAwMDAsImRlbGV0ZSI6NjAwMDAwMDAwMDAwLCJ1cGRhdGUiOjYwMDAwMDAwMDAwMH19",
          "dependencies": [
            "module.network.aws_security_group.this",
            "module.network.data.aws_subnets.default",
            "module.network.data.aws_vpc.default"
          ]
        }
      ]
    },
    {
      "module": "module.ecs",
      "mode": "managed",
      "type": "aws_lb_listener",
      "name": "this",
      "provider": "provider[\"registry.terraform.io/hashicorp/aws\"]",
      "instances": [
        {
          "schema_version": 0,
          "attributes": {
            "alpn_policy": null,
            "arn": "arn:aws:elasticloadbalancing:us-west-2:339713121434:listener/app/RideBookingService-alb/b4d48ef930564b7a/b1ef6fbafa47c07e",
            "certificate_arn": null,
            "default_action": [
              {
                "authenticate_cognito": [],
                "authenticate_oidc": [],
                "fixed_response": [],
                "forward": [],
                "order": 1,
                "redirect": [],
                "target_group_arn": "arn:aws:elasticloadbalancing:us-west-2:339713121434:targetgroup/RideBookingService-tg/18fa03c0fde3b550",
                "type": "forward"
              }
            ],
            "id": "arn:aws:elasticloadbalancing:us-west-2:339713121434:listener/app/RideBookingService-alb/b4d48ef930564b7a/b1ef6fbafa47c07e",
            "load_balancer_arn": "arn:aws:elasticloadbalancing:us-west-2:339713121434:loadbalancer/app/RideBookingService-alb/b4d48ef930564b7a",
            "mutual_authentication": [],
            "port": 8080,
            "protocol": "HTTP",
            "region": "us-west-2",
            "routing_http_request_x_amzn_mtls_clientcert_header_name": null,
            "routing_http_request_x_amzn_mtls_clientcert_issuer_header_name": null,
            "routing_http_request_x_amzn_mtls_clientcert_leaf_header_name": null,
            "routing_http_request_x_amzn_mtls_clientcert_serial_number_header_name": null,
            "routing_http_request_x_amzn_mtls_clientcert_subject_header_name": null,
            "routing_http_request_x_amzn_mtls_clientcert_validity_header_name": null,
            "routing_http_request_x_amzn_tls_cipher_suite_header_name": null,
            "routing_http_request_x_amzn_tls_version_header_name": null,
            "routing_http_response_access_control_allow_credentials_header_value": "",
            "routing_http_response_access_control_allow_headers_header_value": "",
            "routing_http_response_access_control_allow_methods_header_value": "",
            "routing_http_response_access_control_allow_origin_header_value": "",
            "routing_http_response_access_control_expose_headers_header_value": "",
            "routing_http_response_access_control_max_age_header_value": "",
            "routing_http_response_content_security_policy_header_value": "",
            "routing_http_response_server_enabled": true,
            "routing_http_response_strict_transport_security_header_value": "",
            "routing_http_response_x_content_type_options_header_value": "",
            "routing_http_response_x_frame_options_header_value": "",
            "ssl_policy": "",
            "tags": null,
            "tags_all": {},
            "tcp_idle_timeout_seconds": null,
            "timeouts": null
          },
          "sensitive_attributes": [],
          "identity_schema_version": 0,
          "identity": {
            "arn": "arn:aws:elasticloadbalancing:us-west-2:339713121434:listener/app/RideBookingService-alb/b4d48ef930564b7a/b1ef6fbafa47c07e"
          },
          "private": "eyJlMmJmYjczMC1lY2FhLTExZTYtOGY4OC0zNDM2M2JjN2M0YzAiOnsiY3JlYXRlIjozMDAwMDAwMDAwMDAsInVwZGF0ZSI6MzAwMDAwMDAwMDAwfX0=",
          "dependencies": [
            "module.ecs.aws_lb.this",
            "module.ecs.aws_lb_target_group.this",
            "module.ecs.data.aws_vpc.default",
            "module.network.aws_security_group.this",
            "module.network.data.aws_subnets.default",
            "module.network.data.aws_vpc.default"
          ]
        }
      ]
    },
    {
      "module": "module.ecs",
      "mode": "managed",
      "type": "aws_lb_target_group",
      "name": "this",
      "provider": "provider[\"registry.terraform.io/hashicorp/aws\"]",
      "instances": [
        {
          "schema_version": 0,
          "attributes": {
            "arn": "arn:aws:elasticloadbalancing:us-west-2:339713121434:targetgroup/RideBookingService-tg/18fa03c0fde3b550",
            "arn_suffix": "targetgroup/RideBookingService-tg/18fa03c0fde3b550",
            "connection_termination": null,
            "deregistration_delay": "300",
            "health_check": [
              {
                "enabled": true,
                "healthy_threshold": 2,
                "interval": 30,
                "matcher": "200-499",
                "path": "/health",
                "port": "traffic-port",
                "protocol": "HTTP",
                "timeout": 5,
                "unhealthy_threshold": 2
              }
            ],
            "id": "arn:aws:elasticloadbalancing:us-west-2:339713121434:targetgroup/RideBookingService-tg/18fa03c0fde3b550",
            "ip_address_type": "ipv4",
            "lambda_multi_value_headers_enabled": false,
            "load_balancer_arns": [],
            "load_balancing_algorithm_type": "round_robin",
            "load_balancing_anomaly_mitigation": "off",
            "load_balancing_cross_zone_enabled": "use_load_balancer_configuration",
            "name": "RideBookingService-tg",
            "name_prefix": "",
            "port": 8080,
            "preserve_client_ip": null,
            "protocol": "HTTP",
            "protocol_version": "HTTP1",
            "proxy_protocol_v2": false,
            "region": "us-west-2",
            "slow_start": 0,
            "stickiness": [
              {
                "cookie_duration": 86400,
                "cookie_name": "",
                "enabled": false,
                "type": "lb_cookie"
              }
            ],
            "tags": null,
            "tags_all": {},
            "target_failover": [
              {
                "on_deregistration": null,
                "on_unhealthy": null
              }
            ],
            "target_group_health": [
              {
                "dns_failover": [
                  {
                    "minimum_healthy_targets_count": "1",
                    "minimum_healthy_targets_percentage": "off"
                  }
                ],
                "unhealthy_state_routing": [
                  {
                    "minimum_healthy_targets_count": 1,
                    "minimum_healthy_targets_percentage": "off"
                  }
                ]
              }
            ],
            "target_health_state": [
              {
                "enable_unhealthy_connection_termination": null,
                "unhealthy_draining_interval": null
              }
            ],
            "target_type": "ip",
            "vpc_id": "vpc-052ef7c39a9ea9b0d"
          },
          "sensitive_attributes": [],
          "identity_schema_version": 0,
          "identity": {
            "arn": "arn:aws:elasticloadbalancing:us-west-2:339713121434:targetgroup/RideBookingService-tg/18fa03c0fde3b550"
          },
          "private": "bnVsbA==",
          "dependencies": [
            "module.ecs.data.aws_vpc.default"
          ]
        }
      ]
    },
    {
      "module": "module.logging",
      "mode": "managed",
      "type": "aws_cloudwatch_log_group",
      "name": "this",
      "provider": "provider[\"registry.terraform.io/hashicorp/aws\"]",
      "instances": [
        {
          "schema_version": 0,
          "attributes": {
            "arn": "arn:aws:logs:us-west-2:339713121434:log-group:/ecs/RideBookingService",
            "id": "/ecs/RideBookingService",
            "kms_key_id": "",
            "log_group_class": "STANDARD",
            "name": "/ecs/RideBookingService",
            "name_prefix": "",
            "region": "us-west-2",
            "retention_in_days": 7,
            "skip_destroy": false,
            "tags": null,
            "tags_all": {}
          },
          "sensitive_attributes": [],
          "identity_schema_version": 0,
          "private": "bnVsbA=="
        }
      ]
    },
    {
      "module": "module.network",
      "mode": "data",
      "type": "aws_subnets",
      "name": "default",
      "provider": "provider[\"registry.terraform.io/hashicorp/aws\"]",
      "instances": [
        {
          "schema_version": 0,
          "attributes": {
            "filter": [
              {
                "name": "vpc-id",
                "values": [
                  "vpc-052ef7c39a9ea9b0d"
                ]
              }
            ],
            "id": "us-west-2",
            "ids": [
              "subnet-0e6d180dcec4f1c42",
              "subnet-0a4fd0a25017fc56c",
              "subnet-069fd3965da960fde",
              "subnet-0e0753a07527557f8"
            ],
            "region": "us-west-2",
            "tags": null,
            "timeouts": null
          },
          "sensitive_attributes": [],
          "identity_schema_version": 0
        }
      ]
    },
    {
      "module": "module.network",
      "mode": "data",
      "type": "aws_vpc",
      "name": "default",
      "provider": "provider[\"registry.terraform.io/hashicorp/aws\"]",
      "instances": [
        {
          "schema_version": 0,
          "attributes": {
            "arn": "arn:aws:ec2:us-west-2:339713121434:vpc/vpc-052ef7c39a9ea9b0d",
            "cidr_block": "172.31.0.0/16",
            "cidr_block_associations": [
              {
                "association_id": "vpc-cidr-assoc-059d2dc6babd8e4f7",
                "cidr_block": "172.31.0.0/16",
                "state": "associated"
              }
            ],
            "default": true,
            "dhcp_options_id": "dopt-0d3cfbb3ddda69d63",
            "enable_dns_hostnames": true,
            "enable_dns_support": true,
            "enable_network_address_usage_metrics": false,
            "filter": null,
            "id": "vpc-052ef7c39a9ea9b0d",
            "instance_tenancy": "default",
            "ipv6_association_id": "",
            "ipv6_cidr_block": "",
            "main_route_table_id": "rtb-0975f980455836090",
            "owner_id": "339713121434",
            "region": "us-west-2",
            "state": null,
            "tags": {},
            "timeouts": null
          },
          "sensitive_attributes": [],
          "identity_schema_version": 0
        }
      ]
    },
    {
      "module": "module.network",
      "mode": "managed",
      "type": "aws_security_group",
      "name": "this",
      "provider": "provider[\"registry.terraform.io/hashicorp/aws\"]",
      "instances": [
        {
          "schema_version": 1,
          "attributes": {
            "arn": "arn:aws:ec2:us-west-2:339713121434:security-group/sg-040b2b73ee79f4ec2",
            "description": "Allow inbound on 8080",
            "egress": [
              {
                "cidr_blocks": [
                  "0.0.0.0/0"
                ],
                "description": "Allow all outbound",
                "from_port": 0,
                "ipv6_cidr_blocks": [],
                "prefix_list_ids": [],
                "protocol": "-1",
                "security_groups": [],
                "self": false,
                "to_port": 0
              }
            ],
            "id": "sg-040b2b73ee79f4ec2",
            "ingress": [
              {
                "cidr_blocks": [
                  "0.0.0.0/0"
                ],
                "description": "Allow HTTP traffic",
                "from_port": 8080,
                "ipv6_cidr_blocks": [],
                "prefix_list_ids": [],
                "protocol": "tcp",
                "security_groups": [],
                "self": false,
                "to_port": 8080
              }
            ],
            "name": "RideBookingService-sg",
            "name_prefix": "",
            "owner_id": "339713121434",
            "region": "us-west-2",
            "revoke_rules_on_delete": false,
            "tags": null,
            "tags_all": {},
            "timeouts": null,
            "vpc_id": "vpc-052ef7c39a9ea9b0d"
          },
          "sensitive_attributes": [],
          "identity_schema_version": 0,
          "private": "eyJlMmJmYjczMC1lY2FhLTExZTYtOGY4OC0zNDM2M2JjN2M0YzAiOnsiY3JlYXRlIjo2MDAwMDAwMDAwMDAsImRlbGV0ZSI6OTAwMDAwMDAwMDAwfSwic2NoZW1hX3ZlcnNpb24iOiIxIn0=",
          "dependencies": [
            "module.network.data.aws_vpc.default"
          ]
        }
      ]
    }
  ],
  "check_results": null
}
