{
  "version": 4,
  "terraform_version": "1.13.2",
  "serial": 79,
  "lineage": "cf8d400d-a117-31da-9dcc-0a274a20d71c",
  "outputs": {
    "ecs_cluster_name": {
      "value": "RideBookingApp-cluster",
      "type": "string"
    },
    "ecs_service_name": {
      "value": "RideBookingApp",
      "type": "string"
    }
  },
  "resources": [
    {
      "mode": "data",
      "type": "aws_ecr_authorization_token",
      "name": "registry",
      "provider": "provider[\"registry.terraform.io/hashicorp/aws\"]",
      "instances": [
        {
          "schema_version": 0,
          "attributes": {
            "authorization_token": "QVdTOmV5SndZWGxzYjJGa0lqb2llSFJ6ZDBsRk9FYzJhME5IU0UxdmRHZFRSWEJzYnpWUFR6UkVibTF0YzNVelpreHphbmxRYlV3dlVXbFlWMnRuT0RnelRTdFJOSGN5SzBzMWRFazVPV1ZTT1dGWFZXWlBkakJsV1hWaGJuZG9MMUI1UTNwbldUQkpOWFEzZEhVd2JFUk9UM0JFYjFobVRrRkRjekZWVDJ0aE4wb3pXVzVyTUZsUWFEbFlOM0J5TjNrMVFUbHBjVlV4V0cxWU1YZDJNVVE1V1dSak5HbEhTRGRzZFZSemVUUlFZV295T1ZGMFptaHNiekpOTWt4TUsyTjFhbUZaTlRkWVVFNVZUR0ZNU21ZMWNYaDBNV3BPZEd0SGR5dHFiMHBaTkdnMEx6SXpNVzFXY2s1NFEwUktTVEo2VTJ4SlNIQm5kWFo1WW1oMFN6aG1XVUpzTVROWmFYUk1lVGx4YldOWWJVSTVNMmxvWTB4d1QydEZlR1JXV1hCaVFrUTNkMlpNZDJWcFIwTTRWVVJqYkdoalVGTjRORmxOVG5oakszbEdkbGx6VFd4NWFURkhWbk52UkU0MU1tVTFUazU2Wm5jMFQxWkVWWFZDUzI5cVYyOW9Tek5XYm10NFNrVmtOa1E1WWtnNVluQnFNVTVIV0hRNGFsWmhOV1l2U21wdk9UQnlVMkZwTVhvMFYxWktRMU1yTkZaQlJrdFpZa1pIUXpWTWREaENTVVpDU3pkMk1DdEhZM1pWZW5sUFQwaHlTVGxUYUhGVlF6STVhbEZqVjBsWVQwWlFRa2htUTJ4bFpGQklkV1JVZDJ3MFdGUkVUa3hNT1dOVFlVZHJUM2x1TTNaWmExUnVjbkozTURWeFl5ODBibFo0WVhGWmJUZFlVVFZWVVdveVpXWlRVMDlQZWl0TGFtcE9LMW80YWxwQ1JGWTRWMVJLYVhKU1NVZGtTV292YWtzd1lrOVpjSHBRYkdoRVdVTldOR2s0VEZKS2RtMVdaVXhFWjBsWGRXNHZXV0U1ZHpkM1YzbzBkVW8wWWpSWFlYTlpUWFV5T1ZZMlJUVktPV0pPTjJ4Wk0waFhkMWsyWkRWT1dGRXJZVUppUTFkSmNteGhaemxIYlRSc05FOW5kRVJHVkc1TVlVZENMM05GV2s1cVUwTjNSQ3Q1TVRBMVQxZHZaM0Z5VEhwQk1FdGljbkpqVW1RMWNFUXZabWxPV0U0eGRuSjJla1V2TjNJd2R5dG9aMUI1V2xneFoyWmtMMHg0ZG5odlRsaHRkWE0yVWl0eVdYSkxjSHAxVjFRMlZGZzFSUzluVjNoV1ozaG9iVWQ2ZDFGbGFrUkhZWHBsZEhSckswUlZNMjEzVlhaWE0wNVFPRllyTDJOQmJra3ZURzkxYVU5Vk5YWm5lVUZqTkc1RGVTdHlablJNYW1KR2R6bENaRXRGUWpKdFVGRjNWREZXY25CMmMwUnNhQ3RuUXpoelFVMUtWMnhUVVV0YWJUUTBUbWxzTW10SlRIaFBLM05uTDFsdlFrOHlUMDQzUzJFNGQzVktMMU41VFRkbmVXdDBjMWMzZEdwS1IxY3ZSSFJLUld4V1JWUjFSV3g2Y0RaWGFHUk5Ta2hzSzBWVU1XdDZVMkpTTkVKaWFHbzNZV1pXUzNZNGFsTlVNbVZhVXk4eVdFSllia3htU0RaRE5XVnpUMVZQYW5KRWRqZ3dUMUl6V0dSR2RWVkRlV3BOZFRkTFl6WkRjaTlMTW1OMFUySkNVVEkzVmxaNVkxZzRjRzlGTUhoeU5UaGFlR3BKYjBzNWVqSnlXVFpxT0daRU5WUlpTRTFtY0RFeVRrWTFhUzh2VHpoS2VFWlZiRU54UWtwdE1rcFZTMUJRY0dsdFJGTXhaa1p1ZFdnNVVrTmlLemxUWkdWblkzbHZjVVZWTmpWWmRGQkhTek5JUnpRNUszTlRVMjgyUTNweWFVMUZLMVFyYnpoWk1UQlFRMjVUZUc5b2VWa3pMMjEzYmsxbWNqWlVRVkZTUmxweFZHTlljbFJqTVN0S1RXZFVOelpUY2xNd1V6UldTMmd3VTFGTVMyOTVXVVZHVGs5b05TOTFNME5aYTJGTFFpdHlZMjB2VG5kVVZHY3paa0Y2Y0Rkdk1YZGpkbGs0U21WVFRGTjVhMHh6VTJwc2JXRm5XV05hTjFnelYxVjZRVUZNUWxwNmNGVnJSMUl3ZEdJMWRXRk1ha3RNY1dveVN6QkRUM0J3TUVSUWNqSk5ZMlFyU1hJekwwWnZNVWxZYUZWWVJYZFJjV0ZEWlRKak1YZ3pObllyYjFNaUxDSmtZWFJoYTJWNUlqb2lRVkZGUWtGSWFqWnNZelJZU1VwM0x6ZHNiakJJWXpBd1JFMWxhelpIUlhoSVEySlpORkpKY0ZSTlEwazFPRWx1VlhkQlFVRklOSGRtUVZsS1MyOWFTV2gyWTA1QlVXTkhiMGM0ZDJKUlNVSkJSRUp2UW1kcmNXaHJhVWM1ZHpCQ1FuZEZkMGhuV1VwWlNWcEpRVmRWUkVKQlJYVk5Ra1ZGUkVwUWMzZGpNWE5GYVRaMWRtUXplV1ZSU1VKRlNVRTNXRGRoTnpkNkwzZHViMHhwUVZodk0zTkNaSGR5UWtwNFYwaEdUR1JvU0ZSUFZYWmxVVGxRUldNeVQwc3hXRGRHZEhWWVZXRmxZVmhCTVZWblZHVnNZWEpDYmtVdmEweFVXRFpsVTFVMVNUMGlMQ0oyWlhKemFXOXVJam9pTWlJc0luUjVjR1VpT2lKRVFWUkJYMHRGV1NJc0ltVjRjR2x5WVhScGIyNGlPakUzTmpVME5EY3pNRGQ5",
            "expires_at": "2025-12-11T10:01:47Z",
            "id": "us-west-2",
            "password": "eyJwYXlsb2FkIjoieHRzd0lFOEc2a0NHSE1vdGdTRXBsbzVPTzREbm1tc3UzZkxzanlQbUwvUWlYV2tnODgzTStRNHcyK0s1dEk5OWVSOWFXVWZPdjBlWXVhbndoL1B5Q3pnWTBJNXQ3dHUwbEROT3BEb1hmTkFDczFVT2thN0ozWW5rMFlQaDlYN3ByN3k1QTlpcVUxWG1YMXd2MUQ5WWRjNGlHSDdsdVRzeTRQYWoyOVF0ZmhsbzJNMkxMK2N1amFZNTdYUE5VTGFMSmY1cXh0MWpOdGtHdytqb0pZNGg0LzIzMW1Wck54Q0RKSTJ6U2xJSHBndXZ5Ymh0SzhmWUJsMTNZaXRMeTlxbWNYbUI5M2loY0xwT2tFeGRWWXBiQkQ3d2ZMd2VpR0M4VURjbGhjUFN4NFlNTnhjK3lGdllzTWx5aTFHVnNvRE41MmU1Tk56Znc0T1ZEVXVCS29qV29oSzNWbmt4SkVkNkQ5Ykg5YnBqMU5HWHQ4alZhNWYvSmpvOTByU2FpMXo0V1ZKQ1MrNFZBRktZYkZHQzVMdDhCSUZCSzd2MCtHY3ZVenlPT0hySTlTaHFVQzI5alFjV0lYT0ZQQkhmQ2xlZFBIdWRUd2w0WFRETkxMOWNTYUdrT3luM3ZZa1RucnJ3MDVxYy80blZ4YXFZbTdYUTVVUWoyZWZTU09PeitLampOK1o4alpCRFY4V1RKaXJSSUdkSWovakswYk9ZcHpQbGhEWUNWNGk4TFJKdm1WZUxEZ0lXdW4vWWE5dzd3V3o0dUo0YjRXYXNZTXUyOVY2RTVKOWJON2xZM0hXd1k2ZDVOWFErYUJiQ1dJcmxhZzlHbTRsNE9ndERGVG5MYUdCL3NFWk5qU0N3RCt5MTA1T1dvZ3FyTHpBMEticnJjUmQ1cEQvZmlOWE4xdnJ2ekUvN3IwdytoZ1B5WlgxZ2ZkL0x4dnhvTlhtdXM2UityWXJLcHp1V1Q2VFg1RS9nV3hWZ3hobUd6d1FlakRHYXpldHRrK0RVM213VXZXM05QOFYrL2NBbkkvTG91aU9VNXZneUFjNG5DeStyZnRMamJGdzlCZEtFQjJtUFF3VDFWcnB2c0RsaCtnQzhzQU1KV2xTUUtabTQ0TmlsMmtJTHhPK3NnL1lvQk8yT043S2E4d3VKL1N5TTdneWt0c1c3dGpKR1cvRHRKRWxWRVR1RWx6cDZXaGRNSkhsK0VUMWt6U2JSNEJiaGo3YWZWS3Y4alNUMmVaUy8yWEJYbkxmSDZDNWVzT1VPanJEdjgwT1IzWGRGdVVDeWpNdTdLYzZDci9LMmN0U2JCUTI3VlZ5Y1g4cG9FMHhyNThaeGpJb0s5ejJyWTZqOGZENVRZSE1mcDEyTkY1aS8vTzhKeEZVbENxQkptMkpVS1BQcGltRFMxZkZudWg5UkNiKzlTZGVnY3lvcUVVNjVZdFBHSzNIRzQ5K3NTU282Q3pyaU1FK1QrbzhZMTBQQ25TeG9oeVkzL213bk1mcjZUQVFSRlpxVGNYclRjMStKTWdUNzZTclMwUzRWS2gwU1FMS295WUVGTk9oNS91M0NZa2FLQityY20vTndUVGczZkF6cDdvMXdjdlk4SmVTTFN5a0xzU2psbWFnWWNaN1gzV1V6QUFMQlp6cFVrR1IwdGI1dWFMaktMcWoySzBDT3BwMERQcjJNY2QrSXIzL0ZvMUlYaFVYRXdRcWFDZTJjMXgzNnYrb1MiLCJkYXRha2V5IjoiQVFFQkFIajZsYzRYSUp3LzdsbjBIYzAwRE1lazZHRXhIQ2JZNFJJcFRNQ0k1OEluVXdBQUFINHdmQVlKS29aSWh2Y05BUWNHb0c4d2JRSUJBREJvQmdrcWhraUc5dzBCQndFd0hnWUpZSVpJQVdVREJBRXVNQkVFREpQc3djMXNFaTZ1dmQzeWVRSUJFSUE3WDdhNzd6L3dub0xpQVhvM3NCZHdyQkp4V0hGTGRoSFRPVXZlUTlQRWMyT0sxWDdGdHVYVWFlYVhBMVVnVGVsYXJCbkUva0xUWDZlU1U1ST0iLCJ2ZXJzaW9uIjoiMiIsInR5cGUiOiJEQVRBX0tFWSIsImV4cGlyYXRpb24iOjE3NjU0NDczMDd9",
            "proxy_endpoint": "https://339713121434.dkr.ecr.us-west-2.amazonaws.com",
            "region": "us-west-2",
            "registry_id": null,
            "user_name": "AWS"
          },
          "sensitive_attributes": [
            [
              {
                "type": "get_attr",
                "value": "authorization_token"
              }
            ],
            [
              {
                "type": "get_attr",
                "value": "password"
              }
            ]
          ],
          "identity_schema_version": 0
        }
      ]
    },
    {
      "mode": "data",
      "type": "aws_iam_role",
      "name": "lab_role",
      "provider": "provider[\"registry.terraform.io/hashicorp/aws\"]",
      "instances": [
        {
          "schema_version": 0,
          "attributes": {
            "arn": "arn:aws:iam::339713121434:role/LabRole",
            "assume_role_policy": "{\"Version\":\"2012-10-17\",\"Statement\":[{\"Effect\":\"Allow\",\"Principal\":{\"Service\":[\"rds.amazonaws.com\",\"backup.amazonaws.com\",\"kinesis.amazonaws.com\",\"servicecatalog.amazonaws.com\",\"kinesisanalytics.amazonaws.com\",\"forecast.amazonaws.com\",\"events.amazonaws.com\",\"codecommit.amazonaws.com\",\"apigateway.amazonaws.com\",\"firehose.amazonaws.com\",\"iotevents.amazonaws.com\",\"ec2.application-autoscaling.amazonaws.com\",\"elasticmapreduce.amazonaws.com\",\"elasticfilesystem.amazonaws.com\",\"iotanalytics.amazonaws.com\",\"sns.amazonaws.com\",\"rekognition.amazonaws.com\",\"application-autoscaling.amazonaws.com\",\"cloudformation.amazonaws.com\",\"deepracer.amazonaws.com\",\"elasticloadbalancing.amazonaws.com\",\"cognito-idp.amazonaws.com\",\"ssm.amazonaws.com\",\"dynamodb.amazonaws.com\",\"redshift.amazonaws.com\",\"eks-fargate-pods.amazonaws.com\",\"s3.amazonaws.com\",\"kms.amazonaws.com\",\"sagemaker.amazonaws.com\",\"secretsmanager.amazonaws.com\",\"databrew.amazonaws.com\",\"sqs.amazonaws.com\",\"eks.amazonaws.com\",\"codedeploy.amazonaws.com\",\"codewhisperer.amazonaws.com\",\"ecs.amazonaws.com\",\"athena.amazonaws.com\",\"ec2.amazonaws.com\",\"elasticbeanstalk.amazonaws.com\",\"glue.amazonaws.com\",\"cloudtrail.amazonaws.com\",\"logs.amazonaws.com\",\"resource-groups.amazonaws.com\",\"states.amazonaws.com\",\"lambda.amazonaws.com\",\"iot.amazonaws.com\",\"credentials.iot.amazonaws.com\",\"cloud9.amazonaws.com\",\"scheduler.amazonaws.com\",\"ecs-tasks.amazonaws.com\",\"batch.amazonaws.com\",\"pipes.amazonaws.com\",\"autoscaling.amazonaws.com\"],\"AWS\":\"arn:aws:iam::339713121434:role/LabRole\"},\"Action\":\"sts:AssumeRole\"}]}",
            "create_date": "2025-12-10T18:00:51Z",
            "description": "",
            "id": "LabRole",
            "max_session_duration": 3600,
            "name": "LabRole",
            "path": "/",
            "permissions_boundary": "",
            "role_last_used": [
              {
                "last_used_date": "2025-12-10T21:53:40Z",
                "region": "us-west-2"
              }
            ],
            "tags": {
              "cloudlab": "c169671a4380641l11484971t1w339713121434"
            },
            "unique_id": "AROAU6GD23SNBWN6SWEPC"
          },
          "sensitive_attributes": [],
          "identity_schema_version": 0
        }
      ]
    },
    {
      "mode": "managed",
      "type": "docker_image",
      "name": "app",
      "provider": "provider[\"registry.terraform.io/kreuzwerker/docker\"]",
      "instances": [
        {
          "schema_version": 0,
          "attributes": {
            "build": [
              {
                "auth_config": [],
                "build_arg": {},
                "build_args": {},
                "build_id": "",
                "cache_from": [],
                "cgroup_parent": "",
                "context": "../src",
                "cpu_period": 0,
                "cpu_quota": 0,
                "cpu_set_cpus": "",
                "cpu_set_mems": "",
                "cpu_shares": 0,
                "dockerfile": "Dockerfile",
                "extra_hosts": [],
                "force_remove": false,
                "isolation": "",
                "label": {},
                "labels": {},
                "memory": 0,
                "memory_swap": 0,
                "network_mode": "",
                "no_cache": false,
                "path": "",
                "platform": "",
                "pull_parent": false,
                "remote_context": "",
                "remove": true,
                "security_opt": [],
                "session_id": "",
                "shm_size": 0,
                "squash": false,
                "suppress_output": false,
                "tag": [],
                "target": "",
                "ulimit": [],
                "version": ""
              }
            ],
            "force_remove": null,
            "id": "sha256:55d57be96d4dbc81bda1fab238ba39138860ae6714509a041f0708f231007c5e339713121434.dkr.ecr.us-west-2.amazonaws.com/ecr_service:latest",
            "image_id": "sha256:55d57be96d4dbc81bda1fab238ba39138860ae6714509a041f0708f231007c5e",
            "keep_locally": null,
            "latest": "sha256:55d57be96d4dbc81bda1fab238ba39138860ae6714509a041f0708f231007c5e",
            "name": "339713121434.dkr.ecr.us-west-2.amazonaws.com/ecr_service:latest",
            "output": null,
            "platform": null,
            "pull_trigger": null,
            "pull_triggers": null,
            "repo_digest": "339713121434.dkr.ecr.us-west-2.amazonaws.com/ecr_service@sha256:55d57be96d4dbc81bda1fab238ba39138860ae6714509a041f0708f231007c5e",
            "triggers": null
          },
          "sensitive_attributes": [],
          "identity_schema_version": 0,
          "private": "bnVsbA==",
          "dependencies": [
            "data.aws_ecr_authorization_token.registry",
            "module.ecr.aws_ecr_repository.this"
          ]
        }
      ]
    },
    {
      "mode": "managed",
      "type": "docker_registry_image",
      "name": "app",
      "provider": "provider[\"registry.terraform.io/kreuzwerker/docker\"]",
      "instances": [
        {
          "schema_version": 0,
          "attributes": {
            "build": [],
            "id": "sha256:55d57be96d4dbc81bda1fab238ba39138860ae6714509a041f0708f231007c5e",
            "insecure_skip_verify": false,
            "keep_remotely": false,
            "name": "339713121434.dkr.ecr.us-west-2.amazonaws.com/ecr_service:latest",
            "sha256_digest": "sha256:55d57be96d4dbc81bda1fab238ba39138860ae6714509a041f0708f231007c5e",
            "triggers": null
          },
          "sensitive_attributes": [],
          "identity_schema_version": 0,
          "private": "bnVsbA==",
          "dependencies": [
            "data.aws_ecr_authorization_token.registry",
            "docker_image.app",
            "module.ecr.aws_ecr_repository.this"
          ]
        }
      ]
    },
    {
      "module": "module.ecr",
      "mode": "managed",
      "type": "aws_ecr_repository",
      "name": "this",
      "provider": "provider[\"registry.terraform.io/hashicorp/aws\"]",
      "instances": [
        {
          "schema_version": 0,
          "attributes": {
            "arn": "arn:aws:ecr:us-west-2:339713121434:repository/ecr_service",
            "encryption_configuration": [
              {
                "encryption_type": "AES256",
                "kms_key": ""
              }
            ],
            "force_delete": null,
            "id": "ecr_service",
            "image_scanning_configuration": [
              {
                "scan_on_push": false
              }
            ],
            "image_tag_mutability": "MUTABLE",
            "name": "ecr_service",
            "region": "us-west-2",
            "registry_id": "339713121434",
            "repository_url": "339713121434.dkr.ecr.us-west-2.amazonaws.com/ecr_service",
            "tags": {},
            "tags_all": {},
            "timeouts": null
          },
          "sensitive_attributes": [],
          "identity_schema_version": 0,
          "private": "eyJlMmJmYjczMC1lY2FhLTExZTYtOGY4OC0zNDM2M2JjN2M0YzAiOnsiZGVsZXRlIjoxMjAwMDAwMDAwMDAwfX0="
        }
      ]
    },
    {
      "module": "module.ecs",
      "mode": "data",
      "type": "aws_subnets",
      "name": "default",
      "provider": "provider[\"registry.terraform.io/hashicorp/aws\"]",
      "instances": [
        {
          "schema_version": 0,
          "attributes": {
            "filter": [
              {
                "name": "vpc-id",
                "values": [
                  "vpc-052ef7c39a9ea9b0d"
                ]
              }
            ],
            "id": "us-west-2",
            "ids": [
              "subnet-0e6d180dcec4f1c42",
              "subnet-0a4fd0a25017fc56c",
              "subnet-069fd3965da960fde",
              "subnet-0e0753a07527557f8"
            ],
            "region": "us-west-2",
            "tags": null,
            "timeouts": null
          },
          "sensitive_attributes": [],
          "identity_schema_version": 0
        }
      ]
    },
    {
      "module": "module.ecs",
      "mode": "data",
      "type": "aws_vpc",
      "name": "default",
      "provider": "provider[\"registry.terraform.io/hashicorp/aws\"]",
      "instances": [
        {
          "schema_version": 0,
          "attributes": {
            "arn": "arn:aws:ec2:us-west-2:339713121434:vpc/vpc-052ef7c39a9ea9b0d",
            "cidr_block": "172.31.0.0/16",
            "cidr_block_associations": [
              {
                "association_id": "vpc-cidr-assoc-059d2dc6babd8e4f7",
                "cidr_block": "172.31.0.0/16",
                "state": "associated"
              }
            ],
            "default": true,
            "dhcp_options_id": "dopt-0d3cfbb3ddda69d63",
            "enable_dns_hostnames": true,
            "enable_dns_support": true,
            "enable_network_address_usage_metrics": false,
            "filter": null,
            "id": "vpc-052ef7c39a9ea9b0d",
            "instance_tenancy": "default",
            "ipv6_association_id": "",
            "ipv6_cidr_block": "",
            "main_route_table_id": "rtb-0975f980455836090",
            "owner_id": "339713121434",
            "region": "us-west-2",
            "state": null,
            "tags": {},
            "timeouts": null
          },
          "sensitive_attributes": [],
          "identity_schema_version": 0
        }
      ]
    },
    {
      "module": "module.ecs",
      "mode": "managed",
      "type": "aws_ecs_cluster",
      "name": "this",
      "provider": "provider[\"registry.terraform.io/hashicorp/aws\"]",
      "instances": [
        {
          "schema_version": 0,
          "attributes": {
            "arn": "arn:aws:ecs:us-west-2:339713121434:cluster/RideBookingApp-cluster",
            "configuration": [],
            "id": "arn:aws:ecs:us-west-2:339713121434:cluster/RideBookingApp-cluster",
            "name": "RideBookingApp-cluster",
            "region": "us-west-2",
            "service_connect_defaults": [],
            "setting": [
              {
                "name": "containerInsights",
                "value": "disabled"
              }
            ],
            "tags": null,
            "tags_all": {}
          },
          "sensitive_attributes": [],
          "identity_schema_version": 0,
          "private": "bnVsbA=="
        }
      ]
    },
    {
      "module": "module.ecs",
      "mode": "managed",
      "type": "aws_ecs_task_definition",
      "name": "this",
      "provider": "provider[\"registry.terraform.io/hashicorp/aws\"]",
      "instances": [
        {
          "schema_version": 1,
          "attributes": {
            "arn": "arn:aws:ecs:us-west-2:339713121434:task-definition/RideBookingApp-task:1",
            "arn_without_revision": "arn:aws:ecs:us-west-2:339713121434:task-definition/RideBookingApp-task",
            "container_definitions": "[{\"environment\":[],\"essential\":true,\"image\":\"339713121434.dkr.ecr.us-west-2.amazonaws.com/ecr_service:latest\",\"logConfiguration\":{\"logDriver\":\"awslogs\",\"options\":{\"awslogs-group\":\"/ecs/RideBookingApp\",\"awslogs-region\":\"us-west-2\",\"awslogs-stream-prefix\":\"ecs\"}},\"mountPoints\":[],\"name\":\"RideBookingApp-container\",\"portMappings\":[{\"containerPort\":8080,\"hostPort\":8080,\"protocol\":\"tcp\"}],\"systemControls\":[],\"volumesFrom\":[]}]",
            "cpu": "256",
            "enable_fault_injection": false,
            "ephemeral_storage": [],
            "execution_role_arn": "arn:aws:iam::339713121434:role/LabRole",
            "family": "RideBookingApp-task",
            "id": "RideBookingApp-task",
            "ipc_mode": "",
            "memory": "512",
            "network_mode": "awsvpc",
            "pid_mode": "",
            "placement_constraints": [],
            "proxy_configuration": [],
            "region": "us-west-2",
            "requires_compatibilities": [
              "FARGATE"
            ],
            "revision": 1,
            "runtime_platform": [],
            "skip_destroy": false,
            "tags": {},
            "tags_all": {},
            "task_role_arn": "arn:aws:iam::339713121434:role/LabRole",
            "track_latest": false,
            "volume": []
          },
          "sensitive_attributes": [],
          "identity_schema_version": 0,
          "private": "eyJzY2hlbWFfdmVyc2lvbiI6IjEifQ==",
          "dependencies": [
            "data.aws_iam_role.lab_role",
            "module.ecr.aws_ecr_repository.this",
            "module.logging.aws_cloudwatch_log_group.this"
          ]
        }
      ]
    },
    {
      "module": "module.ecs",
      "mode": "managed",
      "type": "aws_lb",
      "name": "this",
      "provider": "provider[\"registry.terraform.io/hashicorp/aws\"]",
      "instances": [
        {
          "schema_version": 0,
          "attributes": {
            "access_logs": [
              {
                "bucket": "",
                "enabled": false,
                "prefix": ""
              }
            ],
            "arn": "arn:aws:elasticloadbalancing:us-west-2:339713121434:loadbalancer/app/RideBookingApp-alb/389c242925d81bd3",
            "arn_suffix": "app/RideBookingApp-alb/389c242925d81bd3",
            "client_keep_alive": 3600,
            "connection_logs": [
              {
                "bucket": "",
                "enabled": false,
                "prefix": ""
              }
            ],
            "customer_owned_ipv4_pool": "",
            "desync_mitigation_mode": "defensive",
            "dns_name": "RideBookingApp-alb-1286605365.us-west-2.elb.amazonaws.com",
            "dns_record_client_routing_policy": null,
            "drop_invalid_header_fields": false,
            "enable_cross_zone_load_balancing": true,
            "enable_deletion_protection": false,
            "enable_http2": true,
            "enable_tls_version_and_cipher_suite_headers": false,
            "enable_waf_fail_open": false,
            "enable_xff_client_port": false,
            "enable_zonal_shift": false,
            "enforce_security_group_inbound_rules_on_private_link_traffic": "",
            "id": "arn:aws:elasticloadbalancing:us-west-2:339713121434:loadbalancer/app/RideBookingApp-alb/389c242925d81bd3",
            "idle_timeout": 60,
            "internal": false,
            "ip_address_type": "ipv4",
            "ipam_pools": [],
            "load_balancer_type": "application",
            "minimum_load_balancer_capacity": [],
            "name": "RideBookingApp-alb",
            "name_prefix": "",
            "preserve_host_header": false,
            "region": "us-west-2",
            "security_groups": [
              "sg-0d3e8befb060cb65d"
            ],
            "subnet_mapping": [
              {
                "allocation_id": "",
                "ipv6_address": "",
                "outpost_id": "",
                "private_ipv4_address": "",
                "subnet_id": "subnet-069fd3965da960fde"
              },
              {
                "allocation_id": "",
                "ipv6_address": "",
                "outpost_id": "",
                "private_ipv4_address": "",
                "subnet_id": "subnet-0a4fd0a25017fc56c"
              },
              {
                "allocation_id": "",
                "ipv6_address": "",
                "outpost_id": "",
                "private_ipv4_address": "",
                "subnet_id": "subnet-0e0753a07527557f8"
              },
              {
                "allocation_id": "",
                "ipv6_address": "",
                "outpost_id": "",
                "private_ipv4_address": "",
                "subnet_id": "subnet-0e6d180dcec4f1c42"
              }
            ],
            "subnets": [
              "subnet-069fd3965da960fde",
              "subnet-0a4fd0a25017fc56c",
              "subnet-0e0753a07527557f8",
              "subnet-0e6d180dcec4f1c42"
            ],
            "tags": {},
            "tags_all": {},
            "timeouts": null,
            "vpc_id": "vpc-052ef7c39a9ea9b0d",
            "xff_header_processing_mode": "append",
            "zone_id": "Z1H1FL5HABSF5"
          },
          "sensitive_attributes": [],
          "identity_schema_version": 0,
          "identity": {
            "arn": "arn:aws:elasticloadbalancing:us-west-2:339713121434:loadbalancer/app/RideBookingApp-alb/389c242925d81bd3"
          },
          "private": "eyJlMmJmYjczMC1lY2FhLTExZTYtOGY4OC0zNDM2M2JjN2M0YzAiOnsiY3JlYXRlIjo2MDAwMDAwMDAwMDAsImRlbGV0ZSI6NjAwMDAwMDAwMDAwLCJ1cGRhdGUiOjYwMDAwMDAwMDAwMH19",
          "dependencies": [
            "module.network.aws_security_group.this",
            "module.network.data.aws_subnets.default",
            "module.network.data.aws_vpc.default"
          ]
        }
      ]
    },
    {
      "module": "module.ecs",
      "mode": "managed",
      "type": "aws_lb_listener",
      "name": "this",
      "provider": "provider[\"registry.terraform.io/hashicorp/aws\"]",
      "instances": [
        {
          "schema_version": 0,
          "attributes": {
            "alpn_policy": null,
            "arn": "arn:aws:elasticloadbalancing:us-west-2:339713121434:listener/app/RideBookingApp-alb/389c242925d81bd3/9c5b3234532bb9cd",
            "certificate_arn": null,
            "default_action": [
              {
                "authenticate_cognito": [],
                "authenticate_oidc": [],
                "fixed_response": [],
                "forward": [],
                "order": 1,
                "redirect": [],
                "target_group_arn": "arn:aws:elasticloadbalancing:us-west-2:339713121434:targetgroup/RideBookingApp-tg/386b8cc590c09f8a",
                "type": "forward"
              }
            ],
            "id": "arn:aws:elasticloadbalancing:us-west-2:339713121434:listener/app/RideBookingApp-alb/389c242925d81bd3/9c5b3234532bb9cd",
            "load_balancer_arn": "arn:aws:elasticloadbalancing:us-west-2:339713121434:loadbalancer/app/RideBookingApp-alb/389c242925d81bd3",
            "mutual_authentication": [],
            "port": 8080,
            "protocol": "HTTP",
            "region": "us-west-2",
            "routing_http_request_x_amzn_mtls_clientcert_header_name": null,
            "routing_http_request_x_amzn_mtls_clientcert_issuer_header_name": null,
            "routing_http_request_x_amzn_mtls_clientcert_leaf_header_name": null,
            "routing_http_request_x_amzn_mtls_clientcert_serial_number_header_name": null,
            "routing_http_request_x_amzn_mtls_clientcert_subject_header_name": null,
            "routing_http_request_x_amzn_mtls_clientcert_validity_header_name": null,
            "routing_http_request_x_amzn_tls_cipher_suite_header_name": null,
            "routing_http_request_x_amzn_tls_version_header_name": null,
            "routing_http_response_access_control_allow_credentials_header_value": "",
            "routing_http_response_access_control_allow_headers_header_value": "",
            "routing_http_response_access_control_allow_methods_header_value": "",
            "routing_http_response_access_control_allow_origin_header_value": "",
            "routing_http_response_access_control_expose_headers_header_value": "",
            "routing_http_response_access_control_max_age_header_value": "",
            "routing_http_response_content_security_policy_header_value": "",
            "routing_http_response_server_enabled": true,
            "routing_http_response_strict_transport_security_header_value": "",
            "routing_http_response_x_content_type_options_header_value": "",
            "routing_http_response_x_frame_options_header_value": "",
            "ssl_policy": "",
            "tags": {},
            "tags_all": {},
            "tcp_idle_timeout_seconds": null,
            "timeouts": null
          },
          "sensitive_attributes": [],
          "identity_schema_version": 0,
          "identity": {
            "arn": "arn:aws:elasticloadbalancing:us-west-2:339713121434:listener/app/RideBookingApp-alb/389c242925d81bd3/9c5b3234532bb9cd"
          },
          "private": "eyJlMmJmYjczMC1lY2FhLTExZTYtOGY4OC0zNDM2M2JjN2M0YzAiOnsiY3JlYXRlIjozMDAwMDAwMDAwMDAsInVwZGF0ZSI6MzAwMDAwMDAwMDAwfX0=",
          "dependencies": [
            "module.ecs.aws_lb.this",
            "module.ecs.aws_lb_target_group.this",
            "module.ecs.data.aws_vpc.default",
            "module.network.aws_security_group.this",
            "module.network.data.aws_subnets.default",
            "module.network.data.aws_vpc.default"
          ]
        }
      ]
    },
    {
      "module": "module.ecs",
      "mode": "managed",
      "type": "aws_lb_target_group",
      "name": "this",
      "provider": "provider[\"registry.terraform.io/hashicorp/aws\"]",
      "instances": [
        {
          "schema_version": 0,
          "attributes": {
            "arn": "arn:aws:elasticloadbalancing:us-west-2:339713121434:targetgroup/RideBookingApp-tg/386b8cc590c09f8a",
            "arn_suffix": "targetgroup/RideBookingApp-tg/386b8cc590c09f8a",
            "connection_termination": null,
            "deregistration_delay": "300",
            "health_check": [
              {
                "enabled": true,
                "healthy_threshold": 2,
                "interval": 30,
                "matcher": "200-499",
                "path": "/health",
                "port": "traffic-port",
                "protocol": "HTTP",
                "timeout": 5,
                "unhealthy_threshold": 2
              }
            ],
            "id": "arn:aws:elasticloadbalancing:us-west-2:339713121434:targetgroup/RideBookingApp-tg/386b8cc590c09f8a",
            "ip_address_type": "ipv4",
            "lambda_multi_value_headers_enabled": false,
            "load_balancer_arns": [
              "arn:aws:elasticloadbalancing:us-west-2:339713121434:loadbalancer/app/RideBookingApp-alb/389c242925d81bd3"
            ],
            "load_balancing_algorithm_type": "round_robin",
            "load_balancing_anomaly_mitigation": "off",
            "load_balancing_cross_zone_enabled": "use_load_balancer_configuration",
            "name": "RideBookingApp-tg",
            "name_prefix": "",
            "port": 8080,
            "preserve_client_ip": null,
            "protocol": "HTTP",
            "protocol_version": "HTTP1",
            "proxy_protocol_v2": false,
            "region": "us-west-2",
            "slow_start": 0,
            "stickiness": [
              {
                "cookie_duration": 86400,
                "cookie_name": "",
                "enabled": false,
                "type": "lb_cookie"
              }
            ],
            "tags": {},
            "tags_all": {},
            "target_failover": [
              {
                "on_deregistration": null,
                "on_unhealthy": null
              }
            ],
            "target_group_health": [
              {
                "dns_failover": [
                  {
                    "minimum_healthy_targets_count": "1",
                    "minimum_healthy_targets_percentage": "off"
                  }
                ],
                "unhealthy_state_routing": [
                  {
                    "minimum_healthy_targets_count": 1,
                    "minimum_healthy_targets_percentage": "off"
                  }
                ]
              }
            ],
            "target_health_state": [
              {
                "enable_unhealthy_connection_termination": null,
                "unhealthy_draining_interval": null
              }
            ],
            "target_type": "ip",
            "vpc_id": "vpc-052ef7c39a9ea9b0d"
          },
          "sensitive_attributes": [],
          "identity_schema_version": 0,
          "identity": {
            "arn": "arn:aws:elasticloadbalancing:us-west-2:339713121434:targetgroup/RideBookingApp-tg/386b8cc590c09f8a"
          },
          "private": "bnVsbA==",
          "dependencies": [
            "module.ecs.data.aws_vpc.default"
          ]
        }
      ]
    },
    {
      "module": "module.logging",
      "mode": "managed",
      "type": "aws_cloudwatch_log_group",
      "name": "this",
      "provider": "provider[\"registry.terraform.io/hashicorp/aws\"]",
      "instances": [
        {
          "schema_version": 0,
          "attributes": {
            "arn": "arn:aws:logs:us-west-2:339713121434:log-group:/ecs/RideBookingApp",
            "id": "/ecs/RideBookingApp",
            "kms_key_id": "",
            "log_group_class": "STANDARD",
            "name": "/ecs/RideBookingApp",
            "name_prefix": "",
            "region": "us-west-2",
            "retention_in_days": 7,
            "skip_destroy": false,
            "tags": {},
            "tags_all": {}
          },
          "sensitive_attributes": [],
          "identity_schema_version": 0,
          "private": "bnVsbA=="
        }
      ]
    },
    {
      "module": "module.network",
      "mode": "data",
      "type": "aws_subnets",
      "name": "default",
      "provider": "provider[\"registry.terraform.io/hashicorp/aws\"]",
      "instances": [
        {
          "schema_version": 0,
          "attributes": {
            "filter": [
              {
                "name": "vpc-id",
                "values": [
                  "vpc-052ef7c39a9ea9b0d"
                ]
              }
            ],
            "id": "us-west-2",
            "ids": [
              "subnet-0e6d180dcec4f1c42",
              "subnet-0a4fd0a25017fc56c",
              "subnet-069fd3965da960fde",
              "subnet-0e0753a07527557f8"
            ],
            "region": "us-west-2",
            "tags": null,
            "timeouts": null
          },
          "sensitive_attributes": [],
          "identity_schema_version": 0
        }
      ]
    },
    {
      "module": "module.network",
      "mode": "data",
      "type": "aws_vpc",
      "name": "default",
      "provider": "provider[\"registry.terraform.io/hashicorp/aws\"]",
      "instances": [
        {
          "schema_version": 0,
          "attributes": {
            "arn": "arn:aws:ec2:us-west-2:339713121434:vpc/vpc-052ef7c39a9ea9b0d",
            "cidr_block": "172.31.0.0/16",
            "cidr_block_associations": [
              {
                "association_id": "vpc-cidr-assoc-059d2dc6babd8e4f7",
                "cidr_block": "172.31.0.0/16",
                "state": "associated"
              }
            ],
            "default": true,
            "dhcp_options_id": "dopt-0d3cfbb3ddda69d63",
            "enable_dns_hostnames": true,
            "enable_dns_support": true,
            "enable_network_address_usage_metrics": false,
            "filter": null,
            "id": "vpc-052ef7c39a9ea9b0d",
            "instance_tenancy": "default",
            "ipv6_association_id": "",
            "ipv6_cidr_block": "",
            "main_route_table_id": "rtb-0975f980455836090",
            "owner_id": "339713121434",
            "region": "us-west-2",
            "state": null,
            "tags": {},
            "timeouts": null
          },
          "sensitive_attributes": [],
          "identity_schema_version": 0
        }
      ]
    },
    {
      "module": "module.network",
      "mode": "managed",
      "type": "aws_security_group",
      "name": "this",
      "provider": "provider[\"registry.terraform.io/hashicorp/aws\"]",
      "instances": [
        {
          "schema_version": 1,
          "attributes": {
            "arn": "arn:aws:ec2:us-west-2:339713121434:security-group/sg-0d3e8befb060cb65d",
            "description": "Allow inbound on 8080",
            "egress": [
              {
                "cidr_blocks": [
                  "0.0.0.0/0"
                ],
                "description": "Allow all outbound",
                "from_port": 0,
                "ipv6_cidr_blocks": [],
                "prefix_list_ids": [],
                "protocol": "-1",
                "security_groups": [],
                "self": false,
                "to_port": 0
              }
            ],
            "id": "sg-0d3e8befb060cb65d",
            "ingress": [
              {
                "cidr_blocks": [
                  "0.0.0.0/0"
                ],
                "description": "Allow HTTP traffic",
                "from_port": 8080,
                "ipv6_cidr_blocks": [],
                "prefix_list_ids": [],
                "protocol": "tcp",
                "security_groups": [],
                "self": false,
                "to_port": 8080
              }
            ],
            "name": "RideBookingApp-sg",
            "name_prefix": "",
            "owner_id": "339713121434",
            "region": "us-west-2",
            "revoke_rules_on_delete": false,
            "tags": {},
            "tags_all": {},
            "timeouts": null,
            "vpc_id": "vpc-052ef7c39a9ea9b0d"
          },
          "sensitive_attributes": [],
          "identity_schema_version": 0,
          "private": "eyJlMmJmYjczMC1lY2FhLTExZTYtOGY4OC0zNDM2M2JjN2M0YzAiOnsiY3JlYXRlIjo2MDAwMDAwMDAwMDAsImRlbGV0ZSI6OTAwMDAwMDAwMDAwfSwic2NoZW1hX3ZlcnNpb24iOiIxIn0=",
          "dependencies": [
            "module.network.data.aws_vpc.default"
          ]
        }
      ]
    }
  ],
  "check_results": null
}
